// !$*UTF8*$!
{
	archiveVersion = 1;
	classes = {
	};
	objectVersion = 46;
	objects = {

/* Begin PBXBuildFile section */
		1AAB1EB51BAB5D01007432F2 /* main.m in Sources */ = {isa = PBXBuildFile; fileRef = 1AAB1EB41BAB5D01007432F2 /* main.m */; };
		1AAB1EBD1BAB5D5A007432F2 /* JABLogger.m in Sources */ = {isa = PBXBuildFile; fileRef = 1AAB1EBC1BAB5D5A007432F2 /* JABLogger.m */; };
/* End PBXBuildFile section */

/* Begin PBXCopyFilesBuildPhase section */
		1AAB1EAF1BAB5D01007432F2 /* CopyFiles */ = {
			isa = PBXCopyFilesBuildPhase;
			buildActionMask = 2147483647;
			dstPath = /usr/share/man/man1/;
			dstSubfolderSpec = 0;
			files = (
			);
			runOnlyForDeploymentPostprocessing = 1;
		};
/* End PBXCopyFilesBuildPhase section */

/* Begin PBXFileReference section */
		1AAB1EB11BAB5D01007432F2 /* Callbackz */ = {isa = PBXFileReference; explicitFileType = "compiled.mach-o.executable"; includeInIndex = 0; path = Callbackz; sourceTree = BUILT_PRODUCTS_DIR; };
		1AAB1EB41BAB5D01007432F2 /* main.m */ = {isa = PBXFileReference; lastKnownFileType = sourcecode.c.objc; path = main.m; sourceTree = "<group>"; };
		1AAB1EBB1BAB5D5A007432F2 /* JABLogger.h */ = {isa = PBXFileReference; fileEncoding = 4; lastKnownFileType = sourcecode.c.h; path = JABLogger.h; sourceTree = "<group>"; };
		1AAB1EBC1BAB5D5A007432F2 /* JABLogger.m */ = {isa = PBXFileReference; fileEncoding = 4; lastKnownFileType = sourcecode.c.objc; path = JABLogger.m; sourceTree = "<group>"; };
/* End PBXFileReference section */

/* Begin PBXFrameworksBuildPhase section */
		1AAB1EAE1BAB5D01007432F2 /* Frameworks */ = {
			isa = PBXFrameworksBuildPhase;
			buildActionMask = 2147483647;
			files = (
			);
			runOnlyForDeploymentPostprocessing = 0;
		};
/* End PBXFrameworksBuildPhase section */

/* Begin PBXGroup section */
		1AAB1EA81BAB5D01007432F2 = {
			isa = PBXGroup;
			children = (
				1AAB1EB31BAB5D01007432F2 /* Callbackz */,
				1AAB1EB21BAB5D01007432F2 /* Products */,
			);
			sourceTree = "<group>";
		};
		1AAB1EB21BAB5D01007432F2 /* Products */ = {
			isa = PBXGroup;
			children = (
				1AAB1EB11BAB5D01007432F2 /* Callbackz */,
			);
			name = Products;
			sourceTree = "<group>";
		};
		1AAB1EB31BAB5D01007432F2 /* Callbackz */ = {
			isa = PBXGroup;
			children = (
				1AAB1EB41BAB5D01007432F2 /* main.m */,
				1AAB1EBB1BAB5D5A007432F2 /* JABLogger.h */,
				1AAB1EBC1BAB5D5A007432F2 /* JABLogger.m */,
			);
			path = Callbackz;
			sourceTree = "<group>";
		};
/* End PBXGroup section */

/* Begin PBXNativeTarget section */
		1AAB1EB01BAB5D01007432F2 /* Callbackz */ = {
			isa = PBXNativeTarget;
			buildConfigurationList = 1AAB1EB81BAB5D01007432F2 /* Build configuration list for PBXNativeTarget "Callbackz" */;
			buildPhases = (
				1AAB1EAD1BAB5D01007432F2 /* Sources */,
				1AAB1EAE1BAB5D01007432F2 /* Frameworks */,
				1AAB1EAF1BAB5D01007432F2 /* CopyFiles */,
			);
			buildRules = (
			);
			dependencies = (
			);
			name = Callbackz;
			productName = Callbackz;
			productReference = 1AAB1EB11BAB5D01007432F2 /* Callbackz */;
			productType = "com.apple.product-type.tool";
		};
/* End PBXNativeTarget section */

/* Begin PBXProject section */
		1AAB1EA91BAB5D01007432F2 /* Project object */ = {
			isa = PBXProject;
			attributes = {
				LastUpgradeCheck = 0640;
				ORGANIZATIONNAME = "James Birchall";
				TargetAttributes = {
					1AAB1EB01BAB5D01007432F2 = {
						CreatedOnToolsVersion = 6.4;
					};
				};
			};
			buildConfigurationList = 1AAB1EAC1BAB5D01007432F2 /* Build configuration list for PBXProject "Callbackz" */;
			compatibilityVersion = "Xcode 3.2";
			developmentRegion = English;
			hasScannedForEncodings = 0;
			knownRegions = (
				en,
			);
			mainGroup = 1AAB1EA81BAB5D01007432F2;
			productRefGroup = 1AAB1EB21BAB5D01007432F2 /* Products */;
			projectDirPath = "";
			projectRoot = "";
			targets = (
				1AAB1EB01BAB5D01007432F2 /* Callbackz */,
			);
		};
/* End PBXProject section */

/* Begin PBXSourcesBuildPhase section */
		1AAB1EAD1BAB5D01007432F2 /* Sources */ = {
			isa = PBXSourcesBuildPhase;
			buildActionMask = 2147483647;
			files = (
				1AAB1EB51BAB5D01007432F2 /* main.m in Sources */,
				1AAB1EBD1BAB5D5A007432F2 /* JABLogger.m in Sources */,
			);
			runOnlyForDeploymentPostprocessing = 0;
		};
/* End PBXSourcesBuildPhase section */

/* Begin XCBuildConfiguration section */
		1AAB1EB61BAB5D01007432F2 /* Debug */ = {
			isa = XCBuildConfiguration;
			buildSettings = {
				ALWAYS_SEARCH_USER_PATHS = NO;
				CLANG_CXX_LANGUAGE_STANDARD = "gnu++0x";
				CLANG_CXX_LIBRARY = "libc++";
				CLANG_ENABLE_MODULES = YES;
				CLANG_ENABLE_OBJC_ARC = YES;
				CLANG_WARN_BOOL_CONVERSION = YES;
				CLANG_WARN_CONSTANT_CONVERSION = YES;
				CLANG_WARN_DIRECT_OBJC_ISA_USAGE = YES_ERROR;
				CLANG_WARN_EMPTY_BODY = YES;
				CLANG_WARN_ENUM_CONVERSION = YES;
				CLANG_WARN_INT_CONVERSION = YES;
				CLANG_WARN_OBJC_ROOT_CLASS = YES_ERROR;
				CLANG_WARN_UNREACHABLE_CODE = YES;
				CLANG_WARN__DUPLICATE_METHOD_MATCH = YES;
				COPY_PHASE_STRIP = NO;
				DEBUG_INFORMATION_FORMAT = dwarf;
				ENABLE_STRICT_OBJC_MSGSEND = YES;
				GCC_C_LANGUAGE_STANDARD = gnu99;
				GCC_DYNAMIC_NO_PIC = NO;
				GCC_NO_COMMON_BLOCKS = YES;
				GCC_OPTIMIZATION_LEVEL = 0;
				GCC_PREPROCESSOR_DEFINITIONS = (
					"DEBUG=1",
					"$(inherited)",
				);
				GCC_SYMBOLS_PRIVATE_EXTERN = NO;
				GCC_WARN_64_TO_32_BIT_CONVERSION = YES;
				GCC_WARN_ABOUT_RETURN_TYPE = YES_ERROR;
				GCC_WARN_UNDECLARED_SELECTOR = YES;
				GCC_WARN_UNINITIALIZED_AUTOS = YES_AGGRESSIVE;
				GCC_WARN_UNUSED_FUNCTION = YES;
				GCC_WARN_UNUSED_VARIABLE = YES;
				MACOSX_DEPLOYMENT_TARGET = 10.10;
				MTL_ENABLE_DEBUG_INFO = YES;
				ONLY_ACTIVE_ARCH = YES;
				SDKROOT = macosx;
			};
			name = Debug;
		};
		1AAB1EB71BAB5D01007432F2 /* Release */ = {
			isa = XCBuildConfiguration;
			buildSettings = {
				ALWAYS_SEARCH_USER_PATHS = NO;
				CLANG_CXX_LANGUAGE_STANDARD = "gnu++0x";
				CLANG_CXX_LIBRARY = "libc++";
				CLANG_ENABLE_MODULES = YES;
				CLANG_ENABLE_OBJC_ARC = YES;
				CLANG_WARN_BOOL_CONVERSION = YES;
				CLANG_WARN_CONSTANT_CONVERSION = YES;
				CLANG_WARN_DIRECT_OBJC_ISA_USAGE = YES_ERROR;
				CLANG_WARN_EMPTY_BODY = YES;
				CLANG_WARN_ENUM_CONVERSION = YES;
				CLANG_WARN_INT_CONVERSION = YES;
				CLANG_WARN_OBJC_ROOT_CLASS = YES_ERROR;
				CLANG_WARN_UNREACHABLE_CODE = YES;
				CLANG_WARN__DUPLICATE_METHOD_MATCH = YES;
				COPY_PHASE_STRIP = NO;
				DEBUG_INFORMATION_FORMAT = "dwarf-with-dsym";
				ENABLE_NS_ASSERTIONS = NO;
				ENABLE_STRICT_OBJC_MSGSEND = YES;
				GCC_C_LANGUAGE_STANDARD = gnu99;
				GCC_NO_COMMON_BLOCKS = YES;
				GCC_WARN_64_TO_32_BIT_CONVERSION = YES;
				GCC_WARN_ABOUT_RETURN_TYPE = YES_ERROR;
				GCC_WARN_UNDECLARED_SELECTOR = YES;
				GCC_WARN_UNINITIALIZED_AUTOS = YES_AGGRESSIVE;
				GCC_WARN_UNUSED_FUNCTION = YES;
				GCC_WARN_UNUSED_VARIABLE = YES;
				MACOSX_DEPLOYMENT_TARGET = 10.10;
				MTL_ENABLE_DEBUG_INFO = NO;
				SDKROOT = macosx;
			};
			name = Release;
		};
		1AAB1EB91BAB5D01007432F2 /* Debug */ = {
			isa = XCBuildConfiguration;
			buildSettings = {
				PRODUCT_NAME = "$(TARGET_NAME)";
			};
			name = Debug;
		};
		1AAB1EBA1BAB5D01007432F2 /* Release */ = {
			isa = XCBuildConfiguration;
			buildSettings = {
				PRODUCT_NAME = "$(TARGET_NAME)";
			};
			name = Release;
		};
/* End XCBuildConfiguration section */

/* Begin XCConfigurationList section */
		1AAB1EAC1BAB5D01007432F2 /* Build configuration list for PBXProject "Callbackz" */ = {
			isa = XCConfigurationList;
			buildConfigurations = (
				1AAB1EB61BAB5D01007432F2 /* Debug */,
				1AAB1EB71BAB5D01007432F2 /* Release */,
			);
			defaultConfigurationIsVisible = 0;
			defaultConfigurationName = Release;
		};
		1AAB1EB81BAB5D01007432F2 /* Build configuration list for PBXNativeTarget "Callbackz" */ = {
			isa = XCConfigurationList;
			buildConfigurations = (
				1AAB1EB91BAB5D01007432F2 /* Debug */,
				1AAB1EBA1BAB5D01007432F2 /* Release */,
			);
			defaultConfigurationIsVisible = 0;
		};
/* End XCConfigurationList section */
	};
	rootObject = 1AAB1EA91BAB5D01007432F2 /* Project object */;
}
